
Microsoft Visual Studio Solution File, Format Version 12.00
# Visual Studio Version 16
VisualStudioVersion = 16.0.31129.286
MinimumVisualStudioVersion = 10.0.40219.1
Project("{FAE04EC0-301F-11D3-BF4B-00C04F79EFBC}") = "20108984_YagnashKeeka_WebApp_DomingoRoofWorks", "20108984_YagnashKeeka_WebApp_DomingoRoofWorks\20108984_YagnashKeeka_WebApp_DomingoRoofWorks.csproj", "{858FF78E-5315-45CF-9704-D07715ED001D}"
EndProject
Global
	GlobalSection(SolutionConfigurationPlatforms) = preSolution
		Debug|Any CPU = Debug|Any CPU
		Release|Any CPU = Release|Any CPU
	EndGlobalSection
	GlobalSection(ProjectConfigurationPlatforms) = postSolution
		{858FF78E-5315-45CF-9704-D07715ED001D}.Debug|Any CPU.ActiveCfg = Debug|Any CPU
		{858FF78E-5315-45CF-9704-D07715ED001D}.Debug|Any CPU.Build.0 = Debug|Any CPU
		{858FF78E-5315-45CF-9704-D07715ED001D}.Release|Any CPU.ActiveCfg = Release|Any CPU
		{858FF78E-5315-45CF-9704-D07715ED001D}.Release|Any CPU.Build.0 = Release|Any CPU
	EndGlobalSection
	GlobalSection(SolutionProperties) = preSolution
		HideSolutionNode = FALSE
	EndGlobalSection
	GlobalSection(ExtensibilityGlobals) = postSolution
		SolutionGuid = {CCD032BB-1220-4BB5-96A4-57A5BF44953A}
	EndGlobalSection
EndGlobal
